
Microsoft Visual Studio Solution File, Format Version 12.00
# Visual Studio 15
VisualStudioVersion = 15.0.28307.705
MinimumVisualStudioVersion = 10.0.40219.1
Project("{FAE04EC0-301F-11D3-BF4B-00C04F79EFBC}") = "MSG_Server", "Ser1\MSG_Server.csproj", "{CCEDE86F-C18A-449D-9E9D-F73386F507F6}"
EndProject
Global
	GlobalSection(SolutionConfigurationPlatforms) = preSolution
		Debug|Any CPU = Debug|Any CPU
		Release|Any CPU = Release|Any CPU
	EndGlobalSection
	GlobalSection(ProjectConfigurationPlatforms) = postSolution
		{CCEDE86F-C18A-449D-9E9D-F73386F507F6}.Debug|Any CPU.ActiveCfg = Debug|Any CPU
		{CCEDE86F-C18A-449D-9E9D-F73386F507F6}.Debug|Any CPU.Build.0 = Debug|Any CPU
		{CCEDE86F-C18A-449D-9E9D-F73386F507F6}.Release|Any CPU.ActiveCfg = Release|Any CPU
		{CCEDE86F-C18A-449D-9E9D-F73386F507F6}.Release|Any CPU.Build.0 = Release|Any CPU
	EndGlobalSection
	GlobalSection(SolutionProperties) = preSolution
		HideSolutionNode = FALSE
	EndGlobalSection
	GlobalSection(ExtensibilityGlobals) = postSolution
		SolutionGuid = {11C40032-29C4-4B27-8437-9D133C69AB7F}
	EndGlobalSection
EndGlobal
